
Microsoft Visual Studio Solution File, Format Version 12.00
# Visual Studio Version 17
VisualStudioVersion = 17.6.33829.357
MinimumVisualStudioVersion = 10.0.40219.1
Project("{2150E333-8FDC-42A3-9474-1A3956D46DE8}") = "ServicesBus", "ServicesBus", "{40D4396D-247D-403E-B098-ABAA21A32793}"
EndProject
Project("{2150E333-8FDC-42A3-9474-1A3956D46DE8}") = "KeyVault", "KeyVault", "{5D0E11B1-C043-444D-B9B3-E4CE836E098F}"
EndProject
Project("{9A19103F-16F7-4668-BE54-9A1E7A4F7556}") = "HelloKeyVault", "HelloKeyvault\HelloKeyVault.csproj", "{60B3922C-8FF9-4C4C-849D-98213967E49E}"
EndProject
Project("{9A19103F-16F7-4668-BE54-9A1E7A4F7556}") = "HelloServiceBus", "HelloServiceBus\HelloServiceBus.csproj", "{50C8768B-DCD9-477A-9416-7CB7AC745523}"
EndProject
Project("{2150E333-8FDC-42A3-9474-1A3956D46DE8}") = "RelayWebApplication", "RelayWebApplication", "{1223F453-075A-46F6-8435-6044EAF5E323}"
EndProject
Project("{9A19103F-16F7-4668-BE54-9A1E7A4F7556}") = "MarconiRelay.Shared", "MarconiRelay\Shared\MarconiRelay.Shared.csproj", "{3443258A-3016-47CD-9E8E-DBB23E87E58F}"
EndProject
Project("{9A19103F-16F7-4668-BE54-9A1E7A4F7556}") = "MarconiRelay.Server", "MarconiRelay\Server\MarconiRelay.Server.csproj", "{E1C1B8B9-3553-417E-BAF6-2AE6BE6C8588}"
EndProject
Project("{9A19103F-16F7-4668-BE54-9A1E7A4F7556}") = "MarconiRelay.Client", "MarconiRelay\Client\MarconiRelay.Client.csproj", "{8E402424-2009-4E11-877A-0BB0004B2106}"
EndProject
Project("{2150E333-8FDC-42A3-9474-1A3956D46DE8}") = "Marconi.Relay", "Marconi.Relay", "{D4A90055-A592-4D73-A663-1363BC1A18C7}"
EndProject
Project("{2150E333-8FDC-42A3-9474-1A3956D46DE8}") = "Marconi.Edge", "Marconi.Edge", "{828AE8FB-93A8-4088-844A-52C38E86EF76}"
EndProject
Project("{FAE04EC0-301F-11D3-BF4B-00C04F79EFBC}") = "WinDir.GraphQLSchema", "WinDir.GraphQLSchema\WinDir.GraphQLSchema.csproj", "{1B53A1F1-6018-4523-901A-1576A98B9E10}"
EndProject
Project("{FAE04EC0-301F-11D3-BF4B-00C04F79EFBC}") = "WinDir.GraphQLResolver", "WinDir.GraphQLResolver\WinDir.GraphQLResolver.csproj", "{245A3B9C-A896-4883-9F20-52B558AE84C0}"
EndProject
Project("{FAE04EC0-301F-11D3-BF4B-00C04F79EFBC}") = "WinDir.TestGraphQLResolver", "WinDir.TestGraphQLResolver\WinDir.TestGraphQLResolver.csproj", "{1CC91055-665F-4BF0-AADB-DD4685D221C4}"
EndProject
Global
	GlobalSection(SolutionConfigurationPlatforms) = preSolution
		Debug|Any CPU = Debug|Any CPU
		Release|Any CPU = Release|Any CPU
	EndGlobalSection
	GlobalSection(ProjectConfigurationPlatforms) = postSolution
		{60B3922C-8FF9-4C4C-849D-98213967E49E}.Debug|Any CPU.ActiveCfg = Debug|Any CPU
		{60B3922C-8FF9-4C4C-849D-98213967E49E}.Debug|Any CPU.Build.0 = Debug|Any CPU
		{60B3922C-8FF9-4C4C-849D-98213967E49E}.Release|Any CPU.ActiveCfg = Release|Any CPU
		{60B3922C-8FF9-4C4C-849D-98213967E49E}.Release|Any CPU.Build.0 = Release|Any CPU
		{50C8768B-DCD9-477A-9416-7CB7AC745523}.Debug|Any CPU.ActiveCfg = Debug|Any CPU
		{50C8768B-DCD9-477A-9416-7CB7AC745523}.Debug|Any CPU.Build.0 = Debug|Any CPU
		{50C8768B-DCD9-477A-9416-7CB7AC745523}.Release|Any CPU.ActiveCfg = Release|Any CPU
		{50C8768B-DCD9-477A-9416-7CB7AC745523}.Release|Any CPU.Build.0 = Release|Any CPU
		{3443258A-3016-47CD-9E8E-DBB23E87E58F}.Debug|Any CPU.ActiveCfg = Debug|Any CPU
		{3443258A-3016-47CD-9E8E-DBB23E87E58F}.Debug|Any CPU.Build.0 = Debug|Any CPU
		{3443258A-3016-47CD-9E8E-DBB23E87E58F}.Release|Any CPU.ActiveCfg = Release|Any CPU
		{3443258A-3016-47CD-9E8E-DBB23E87E58F}.Release|Any CPU.Build.0 = Release|Any CPU
		{E1C1B8B9-3553-417E-BAF6-2AE6BE6C8588}.Debug|Any CPU.ActiveCfg = Debug|Any CPU
		{E1C1B8B9-3553-417E-BAF6-2AE6BE6C8588}.Debug|Any CPU.Build.0 = Debug|Any CPU
		{E1C1B8B9-3553-417E-BAF6-2AE6BE6C8588}.Release|Any CPU.ActiveCfg = Release|Any CPU
		{E1C1B8B9-3553-417E-BAF6-2AE6BE6C8588}.Release|Any CPU.Build.0 = Release|Any CPU
		{8E402424-2009-4E11-877A-0BB0004B2106}.Debug|Any CPU.ActiveCfg = Debug|Any CPU
		{8E402424-2009-4E11-877A-0BB0004B2106}.Debug|Any CPU.Build.0 = Debug|Any CPU
		{8E402424-2009-4E11-877A-0BB0004B2106}.Release|Any CPU.ActiveCfg = Release|Any CPU
		{8E402424-2009-4E11-877A-0BB0004B2106}.Release|Any CPU.Build.0 = Release|Any CPU
		{1B53A1F1-6018-4523-901A-1576A98B9E10}.Debug|Any CPU.ActiveCfg = Debug|Any CPU
		{1B53A1F1-6018-4523-901A-1576A98B9E10}.Debug|Any CPU.Build.0 = Debug|Any CPU
		{1B53A1F1-6018-4523-901A-1576A98B9E10}.Release|Any CPU.ActiveCfg = Release|Any CPU
		{1B53A1F1-6018-4523-901A-1576A98B9E10}.Release|Any CPU.Build.0 = Release|Any CPU
		{245A3B9C-A896-4883-9F20-52B558AE84C0}.Debug|Any CPU.ActiveCfg = Debug|Any CPU
		{245A3B9C-A896-4883-9F20-52B558AE84C0}.Debug|Any CPU.Build.0 = Debug|Any CPU
		{245A3B9C-A896-4883-9F20-52B558AE84C0}.Release|Any CPU.ActiveCfg = Release|Any CPU
		{245A3B9C-A896-4883-9F20-52B558AE84C0}.Release|Any CPU.Build.0 = Release|Any CPU
		{1CC91055-665F-4BF0-AADB-DD4685D221C4}.Debug|Any CPU.ActiveCfg = Debug|Any CPU
		{1CC91055-665F-4BF0-AADB-DD4685D221C4}.Debug|Any CPU.Build.0 = Debug|Any CPU
		{1CC91055-665F-4BF0-AADB-DD4685D221C4}.Release|Any CPU.ActiveCfg = Release|Any CPU
		{1CC91055-665F-4BF0-AADB-DD4685D221C4}.Release|Any CPU.Build.0 = Release|Any CPU
	EndGlobalSection
	GlobalSection(SolutionProperties) = preSolution
		HideSolutionNode = FALSE
	EndGlobalSection
	GlobalSection(NestedProjects) = preSolution
		{40D4396D-247D-403E-B098-ABAA21A32793} = {D4A90055-A592-4D73-A663-1363BC1A18C7}
		{5D0E11B1-C043-444D-B9B3-E4CE836E098F} = {D4A90055-A592-4D73-A663-1363BC1A18C7}
		{60B3922C-8FF9-4C4C-849D-98213967E49E} = {5D0E11B1-C043-444D-B9B3-E4CE836E098F}
		{50C8768B-DCD9-477A-9416-7CB7AC745523} = {40D4396D-247D-403E-B098-ABAA21A32793}
		{1223F453-075A-46F6-8435-6044EAF5E323} = {D4A90055-A592-4D73-A663-1363BC1A18C7}
		{3443258A-3016-47CD-9E8E-DBB23E87E58F} = {1223F453-075A-46F6-8435-6044EAF5E323}
		{E1C1B8B9-3553-417E-BAF6-2AE6BE6C8588} = {1223F453-075A-46F6-8435-6044EAF5E323}
		{8E402424-2009-4E11-877A-0BB0004B2106} = {1223F453-075A-46F6-8435-6044EAF5E323}
		{1B53A1F1-6018-4523-901A-1576A98B9E10} = {828AE8FB-93A8-4088-844A-52C38E86EF76}
		{245A3B9C-A896-4883-9F20-52B558AE84C0} = {828AE8FB-93A8-4088-844A-52C38E86EF76}
		{1CC91055-665F-4BF0-AADB-DD4685D221C4} = {828AE8FB-93A8-4088-844A-52C38E86EF76}
	EndGlobalSection
	GlobalSection(ExtensibilityGlobals) = postSolution
		SolutionGuid = {1B2F30A4-F211-4B8A-8791-C4FDAD4F3075}
	EndGlobalSection
EndGlobal
